// !$*UTF8*$!
{
	archiveVersion = 1;
	classes = {
	};
	objectVersion = 50;
	objects = {

/* Begin PBXBuildFile section */
		7280BFEE2346129F00683113 /* DogSuccesViewController.swift in Sources */ = {isa = PBXBuildFile; fileRef = 7280BFED2346129F00683113 /* DogSuccesViewController.swift */; };
		728CE084234731EE00C8ADEC /* Model.swift in Sources */ = {isa = PBXBuildFile; fileRef = 728CE083234731EE00C8ADEC /* Model.swift */; };
		72B9E6392345DA3300D1B785 /* AppDelegate.swift in Sources */ = {isa = PBXBuildFile; fileRef = 72B9E6382345DA3300D1B785 /* AppDelegate.swift */; };
		72B9E63B2345DA3300D1B785 /* SceneDelegate.swift in Sources */ = {isa = PBXBuildFile; fileRef = 72B9E63A2345DA3300D1B785 /* SceneDelegate.swift */; };
		72B9E6422345DA3400D1B785 /* Assets.xcassets in Resources */ = {isa = PBXBuildFile; fileRef = 72B9E6412345DA3400D1B785 /* Assets.xcassets */; };
		72B9E6452345DA3400D1B785 /* LaunchScreen.storyboard in Resources */ = {isa = PBXBuildFile; fileRef = 72B9E6432345DA3400D1B785 /* LaunchScreen.storyboard */; };
		72B9E64F2345DAC400D1B785 /* Races.swift in Sources */ = {isa = PBXBuildFile; fileRef = 72B9E64E2345DAC400D1B785 /* Races.swift */; };
		72B9E6552345E76E00D1B785 /* DogWelcomeViewController.swift in Sources */ = {isa = PBXBuildFile; fileRef = 72B9E6542345E76E00D1B785 /* DogWelcomeViewController.swift */; };
		72B9E6572345E99500D1B785 /* DogFormViewController.swift in Sources */ = {isa = PBXBuildFile; fileRef = 72B9E6562345E99500D1B785 /* DogFormViewController.swift */; };
		72B9E65D2345FC4C00D1B785 /* CatWelcomeViewController.swift in Sources */ = {isa = PBXBuildFile; fileRef = 72B9E65C2345FC4C00D1B785 /* CatWelcomeViewController.swift */; };
		72BDDCAB23460494008AEA51 /* CatFormViewController.swift in Sources */ = {isa = PBXBuildFile; fileRef = 72BDDCAA23460494008AEA51 /* CatFormViewController.swift */; };
		72BDDCAD234604AD008AEA51 /* CatSuccesViewController.swift in Sources */ = {isa = PBXBuildFile; fileRef = 72BDDCAC234604AD008AEA51 /* CatSuccesViewController.swift */; };
		72DAC0AA2346233B002D1F6F /* Main.storyboard in Resources */ = {isa = PBXBuildFile; fileRef = 72DAC0A92346233B002D1F6F /* Main.storyboard */; };
/* End PBXBuildFile section */

/* Begin PBXFileReference section */
		7280BFED2346129F00683113 /* DogSuccesViewController.swift */ = {isa = PBXFileReference; lastKnownFileType = sourcecode.swift; path = DogSuccesViewController.swift; sourceTree = "<group>"; };
		728CE083234731EE00C8ADEC /* Model.swift */ = {isa = PBXFileReference; lastKnownFileType = sourcecode.swift; path = Model.swift; sourceTree = "<group>"; };
		72B9E6352345DA3300D1B785 /* MiaWouf.app */ = {isa = PBXFileReference; explicitFileType = wrapper.application; includeInIndex = 0; path = MiaWouf.app; sourceTree = BUILT_PRODUCTS_DIR; };
		72B9E6382345DA3300D1B785 /* AppDelegate.swift */ = {isa = PBXFileReference; lastKnownFileType = sourcecode.swift; path = AppDelegate.swift; sourceTree = "<group>"; };
		72B9E63A2345DA3300D1B785 /* SceneDelegate.swift */ = {isa = PBXFileReference; lastKnownFileType = sourcecode.swift; path = SceneDelegate.swift; sourceTree = "<group>"; };
		72B9E6412345DA3400D1B785 /* Assets.xcassets */ = {isa = PBXFileReference; lastKnownFileType = folder.assetcatalog; path = Assets.xcassets; sourceTree = "<group>"; };
		72B9E6442345DA3400D1B785 /* Base */ = {isa = PBXFileReference; lastKnownFileType = file.storyboard; name = Base; path = Base.lproj/LaunchScreen.storyboard; sourceTree = "<group>"; };
		72B9E6462345DA3400D1B785 /* Info.plist */ = {isa = PBXFileReference; lastKnownFileType = text.plist.xml; path = Info.plist; sourceTree = "<group>"; };
		72B9E64E2345DAC400D1B785 /* Races.swift */ = {isa = PBXFileReference; lastKnownFileType = sourcecode.swift; path = Races.swift; sourceTree = "<group>"; };
		72B9E6542345E76E00D1B785 /* DogWelcomeViewController.swift */ = {isa = PBXFileReference; lastKnownFileType = sourcecode.swift; path = DogWelcomeViewController.swift; sourceTree = "<group>"; };
		72B9E6562345E99500D1B785 /* DogFormViewController.swift */ = {isa = PBXFileReference; lastKnownFileType = sourcecode.swift; path = DogFormViewController.swift; sourceTree = "<group>"; };
		72B9E65C2345FC4C00D1B785 /* CatWelcomeViewController.swift */ = {isa = PBXFileReference; lastKnownFileType = sourcecode.swift; path = CatWelcomeViewController.swift; sourceTree = "<group>"; };
		72BDDCAA23460494008AEA51 /* CatFormViewController.swift */ = {isa = PBXFileReference; lastKnownFileType = sourcecode.swift; path = CatFormViewController.swift; sourceTree = "<group>"; };
		72BDDCAC234604AD008AEA51 /* CatSuccesViewController.swift */ = {isa = PBXFileReference; lastKnownFileType = sourcecode.swift; path = CatSuccesViewController.swift; sourceTree = "<group>"; };
		72DAC0A92346233B002D1F6F /* Main.storyboard */ = {isa = PBXFileReference; lastKnownFileType = file.storyboard; path = Main.storyboard; sourceTree = "<group>"; };
/* End PBXFileReference section */

/* Begin PBXFrameworksBuildPhase section */
		72B9E6322345DA3300D1B785 /* Frameworks */ = {
			isa = PBXFrameworksBuildPhase;
			buildActionMask = 2147483647;
			files = (
			);
			runOnlyForDeploymentPostprocessing = 0;
		};
/* End PBXFrameworksBuildPhase section */

/* Begin PBXGroup section */
		72B9E62C2345DA3300D1B785 = {
			isa = PBXGroup;
			children = (
				72B9E6372345DA3300D1B785 /* MiaWouf */,
				72B9E6362345DA3300D1B785 /* Products */,
			);
			sourceTree = "<group>";
		};
		72B9E6362345DA3300D1B785 /* Products */ = {
			isa = PBXGroup;
			children = (
				72B9E6352345DA3300D1B785 /* MiaWouf.app */,
			);
			name = Products;
			sourceTree = "<group>";
		};
		72B9E6372345DA3300D1B785 /* MiaWouf */ = {
			isa = PBXGroup;
			children = (
				72B9E6512345DC7800D1B785 /* Model */,
				72B9E6522345DC8100D1B785 /* Controller */,
				72B9E6502345DC6E00D1B785 /* View */,
				72B9E6532345DC9D00D1B785 /* SupportingFiles */,
			);
			path = MiaWouf;
			sourceTree = "<group>";
		};
		72B9E6502345DC6E00D1B785 /* View */ = {
			isa = PBXGroup;
			children = (
				72B9E6432345DA3400D1B785 /* LaunchScreen.storyboard */,
				72DAC0A92346233B002D1F6F /* Main.storyboard */,
			);
			path = View;
			sourceTree = "<group>";
		};
		72B9E6512345DC7800D1B785 /* Model */ = {
			isa = PBXGroup;
			children = (
				72B9E64E2345DAC400D1B785 /* Races.swift */,
				728CE083234731EE00C8ADEC /* Model.swift */,
			);
			path = Model;
			sourceTree = "<group>";
		};
		72B9E6522345DC8100D1B785 /* Controller */ = {
			isa = PBXGroup;
			children = (
				72B9E6542345E76E00D1B785 /* DogWelcomeViewController.swift */,
				72B9E6562345E99500D1B785 /* DogFormViewController.swift */,
				7280BFED2346129F00683113 /* DogSuccesViewController.swift */,
				72B9E65C2345FC4C00D1B785 /* CatWelcomeViewController.swift */,
				72BDDCAA23460494008AEA51 /* CatFormViewController.swift */,
				72BDDCAC234604AD008AEA51 /* CatSuccesViewController.swift */,
			);
			path = Controller;
			sourceTree = "<group>";
		};
		72B9E6532345DC9D00D1B785 /* SupportingFiles */ = {
			isa = PBXGroup;
			children = (
				72B9E63A2345DA3300D1B785 /* SceneDelegate.swift */,
				72B9E6412345DA3400D1B785 /* Assets.xcassets */,
				72B9E6382345DA3300D1B785 /* AppDelegate.swift */,
				72B9E6462345DA3400D1B785 /* Info.plist */,
			);
			path = SupportingFiles;
			sourceTree = "<group>";
		};
/* End PBXGroup section */

/* Begin PBXNativeTarget section */
		72B9E6342345DA3300D1B785 /* MiaWouf */ = {
			isa = PBXNativeTarget;
			buildConfigurationList = 72B9E6492345DA3400D1B785 /* Build configuration list for PBXNativeTarget "MiaWouf" */;
			buildPhases = (
				72B9E6312345DA3300D1B785 /* Sources */,
				72B9E6322345DA3300D1B785 /* Frameworks */,
				72B9E6332345DA3300D1B785 /* Resources */,
			);
			buildRules = (
			);
			dependencies = (
			);
			name = MiaWouf;
			productName = MiaWouf;
			productReference = 72B9E6352345DA3300D1B785 /* MiaWouf.app */;
			productType = "com.apple.product-type.application";
		};
/* End PBXNativeTarget section */

/* Begin PBXProject section */
		72B9E62D2345DA3300D1B785 /* Project object */ = {
			isa = PBXProject;
			attributes = {
				LastSwiftUpdateCheck = 1100;
				LastUpgradeCheck = 1100;
				ORGANIZATIONNAME = "marianne massé";
				TargetAttributes = {
					72B9E6342345DA3300D1B785 = {
						CreatedOnToolsVersion = 11.0;
					};
				};
			};
			buildConfigurationList = 72B9E6302345DA3300D1B785 /* Build configuration list for PBXProject "MiaWouf" */;
			compatibilityVersion = "Xcode 9.3";
			developmentRegion = en;
			hasScannedForEncodings = 0;
			knownRegions = (
				en,
				Base,
			);
			mainGroup = 72B9E62C2345DA3300D1B785;
			productRefGroup = 72B9E6362345DA3300D1B785 /* Products */;
			projectDirPath = "";
			projectRoot = "";
			targets = (
				72B9E6342345DA3300D1B785 /* MiaWouf */,
			);
		};
/* End PBXProject section */

/* Begin PBXResourcesBuildPhase section */
		72B9E6332345DA3300D1B785 /* Resources */ = {
			isa = PBXResourcesBuildPhase;
			buildActionMask = 2147483647;
			files = (
				72B9E6452345DA3400D1B785 /* LaunchScreen.storyboard in Resources */,
				72B9E6422345DA3400D1B785 /* Assets.xcassets in Resources */,
				72DAC0AA2346233B002D1F6F /* Main.storyboard in Resources */,
			);
			runOnlyForDeploymentPostprocessing = 0;
		};
/* End PBXResourcesBuildPhase section */

/* Begin PBXSourcesBuildPhase section */
		72B9E6312345DA3300D1B785 /* Sources */ = {
			isa = PBXSourcesBuildPhase;
			buildActionMask = 2147483647;
			files = (
				72B9E64F2345DAC400D1B785 /* Races.swift in Sources */,
				72BDDCAB23460494008AEA51 /* CatFormViewController.swift in Sources */,
				72BDDCAD234604AD008AEA51 /* CatSuccesViewController.swift in Sources */,
				72B9E6552345E76E00D1B785 /* DogWelcomeViewController.swift in Sources */,
				72B9E6392345DA3300D1B785 /* AppDelegate.swift in Sources */,
				728CE084234731EE00C8ADEC /* Model.swift in Sources */,
				72B9E6572345E99500D1B785 /* DogFormViewController.swift in Sources */,
				72B9E65D2345FC4C00D1B785 /* CatWelcomeViewController.swift in Sources */,
				7280BFEE2346129F00683113 /* DogSuccesViewController.swift in Sources */,
				72B9E63B2345DA3300D1B785 /* SceneDelegate.swift in Sources */,
			);
			runOnlyForDeploymentPostprocessing = 0;
		};
/* End PBXSourcesBuildPhase section */

/* Begin PBXVariantGroup section */
		72B9E6432345DA3400D1B785 /* LaunchScreen.storyboard */ = {
			isa = PBXVariantGroup;
			children = (
				72B9E6442345DA3400D1B785 /* Base */,
			);
			name = LaunchScreen.storyboard;
			sourceTree = "<group>";
		};
/* End PBXVariantGroup section */

/* Begin XCBuildConfiguration section */
		72B9E6472345DA3400D1B785 /* Debug */ = {
			isa = XCBuildConfiguration;
			buildSettings = {
				ALWAYS_SEARCH_USER_PATHS = NO;
				CLANG_ANALYZER_NONNULL = YES;
				CLANG_ANALYZER_NUMBER_OBJECT_CONVERSION = YES_AGGRESSIVE;
				CLANG_CXX_LANGUAGE_STANDARD = "gnu++14";
				CLANG_CXX_LIBRARY = "libc++";
				CLANG_ENABLE_MODULES = YES;
				CLANG_ENABLE_OBJC_ARC = YES;
				CLANG_ENABLE_OBJC_WEAK = YES;
				CLANG_WARN_BLOCK_CAPTURE_AUTORELEASING = YES;
				CLANG_WARN_BOOL_CONVERSION = YES;
				CLANG_WARN_COMMA = YES;
				CLANG_WARN_CONSTANT_CONVERSION = YES;
				CLANG_WARN_DEPRECATED_OBJC_IMPLEMENTATIONS = YES;
				CLANG_WARN_DIRECT_OBJC_ISA_USAGE = YES_ERROR;
				CLANG_WARN_DOCUMENTATION_COMMENTS = YES;
				CLANG_WARN_EMPTY_BODY = YES;
				CLANG_WARN_ENUM_CONVERSION = YES;
				CLANG_WARN_INFINITE_RECURSION = YES;
				CLANG_WARN_INT_CONVERSION = YES;
				CLANG_WARN_NON_LITERAL_NULL_CONVERSION = YES;
				CLANG_WARN_OBJC_IMPLICIT_RETAIN_SELF = YES;
				CLANG_WARN_OBJC_LITERAL_CONVERSION = YES;
				CLANG_WARN_OBJC_ROOT_CLASS = YES_ERROR;
				CLANG_WARN_RANGE_LOOP_ANALYSIS = YES;
				CLANG_WARN_STRICT_PROTOTYPES = YES;
				CLANG_WARN_SUSPICIOUS_MOVE = YES;
				CLANG_WARN_UNGUARDED_AVAILABILITY = YES_AGGRESSIVE;
				CLANG_WARN_UNREACHABLE_CODE = YES;
				CLANG_WARN__DUPLICATE_METHOD_MATCH = YES;
				COPY_PHASE_STRIP = NO;
				DEBUG_INFORMATION_FORMAT = dwarf;
				ENABLE_STRICT_OBJC_MSGSEND = YES;
				ENABLE_TESTABILITY = YES;
				GCC_C_LANGUAGE_STANDARD = gnu11;
				GCC_DYNAMIC_NO_PIC = NO;
				GCC_NO_COMMON_BLOCKS = YES;
				GCC_OPTIMIZATION_LEVEL = 0;
				GCC_PREPROCESSOR_DEFINITIONS = (
					"DEBUG=1",
					"$(inherited)",
				);
				GCC_WARN_64_TO_32_BIT_CONVERSION = YES;
				GCC_WARN_ABOUT_RETURN_TYPE = YES_ERROR;
				GCC_WARN_UNDECLARED_SELECTOR = YES;
				GCC_WARN_UNINITIALIZED_AUTOS = YES_AGGRESSIVE;
				GCC_WARN_UNUSED_FUNCTION = YES;
				GCC_WARN_UNUSED_VARIABLE = YES;
				IPHONEOS_DEPLOYMENT_TARGET = 13.0;
				MTL_ENABLE_DEBUG_INFO = INCLUDE_SOURCE;
				MTL_FAST_MATH = YES;
				ONLY_ACTIVE_ARCH = YES;
				SDKROOT = iphoneos;
				SWIFT_ACTIVE_COMPILATION_CONDITIONS = DEBUG;
				SWIFT_OPTIMIZATION_LEVEL = "-Onone";
			};
			name = Debug;
		};
		72B9E6482345DA3400D1B785 /* Release */ = {
			isa = XCBuildConfiguration;
			buildSettings = {
				ALWAYS_SEARCH_USER_PATHS = NO;
				CLANG_ANALYZER_NONNULL = YES;
				CLANG_ANALYZER_NUMBER_OBJECT_CONVERSION = YES_AGGRESSIVE;
				CLANG_CXX_LANGUAGE_STANDARD = "gnu++14";
				CLANG_CXX_LIBRARY = "libc++";
				CLANG_ENABLE_MODULES = YES;
				CLANG_ENABLE_OBJC_ARC = YES;
				CLANG_ENABLE_OBJC_WEAK = YES;
				CLANG_WARN_BLOCK_CAPTURE_AUTORELEASING = YES;
				CLANG_WARN_BOOL_CONVERSION = YES;
				CLANG_WARN_COMMA = YES;
				CLANG_WARN_CONSTANT_CONVERSION = YES;
				CLANG_WARN_DEPRECATED_OBJC_IMPLEMENTATIONS = YES;
				CLANG_WARN_DIRECT_OBJC_ISA_USAGE = YES_ERROR;
				CLANG_WARN_DOCUMENTATION_COMMENTS = YES;
				CLANG_WARN_EMPTY_BODY = YES;
				CLANG_WARN_ENUM_CONVERSION = YES;
				CLANG_WARN_INFINITE_RECURSION = YES;
				CLANG_WARN_INT_CONVERSION = YES;
				CLANG_WARN_NON_LITERAL_NULL_CONVERSION = YES;
				CLANG_WARN_OBJC_IMPLICIT_RETAIN_SELF = YES;
				CLANG_WARN_OBJC_LITERAL_CONVERSION = YES;
				CLANG_WARN_OBJC_ROOT_CLASS = YES_ERROR;
				CLANG_WARN_RANGE_LOOP_ANALYSIS = YES;
				CLANG_WARN_STRICT_PROTOTYPES = YES;
				CLANG_WARN_SUSPICIOUS_MOVE = YES;
				CLANG_WARN_UNGUARDED_AVAILABILITY = YES_AGGRESSIVE;
				CLANG_WARN_UNREACHABLE_CODE = YES;
				CLANG_WARN__DUPLICATE_METHOD_MATCH = YES;
				COPY_PHASE_STRIP = NO;
				DEBUG_INFORMATION_FORMAT = "dwarf-with-dsym";
				ENABLE_NS_ASSERTIONS = NO;
				ENABLE_STRICT_OBJC_MSGSEND = YES;
				GCC_C_LANGUAGE_STANDARD = gnu11;
				GCC_NO_COMMON_BLOCKS = YES;
				GCC_WARN_64_TO_32_BIT_CONVERSION = YES;
				GCC_WARN_ABOUT_RETURN_TYPE = YES_ERROR;
				GCC_WARN_UNDECLARED_SELECTOR = YES;
				GCC_WARN_UNINITIALIZED_AUTOS = YES_AGGRESSIVE;
				GCC_WARN_UNUSED_FUNCTION = YES;
				GCC_WARN_UNUSED_VARIABLE = YES;
				IPHONEOS_DEPLOYMENT_TARGET = 13.0;
				MTL_ENABLE_DEBUG_INFO = NO;
				MTL_FAST_MATH = YES;
				SDKROOT = iphoneos;
				SWIFT_COMPILATION_MODE = wholemodule;
				SWIFT_OPTIMIZATION_LEVEL = "-O";
				VALIDATE_PRODUCT = YES;
			};
			name = Release;
		};
		72B9E64A2345DA3400D1B785 /* Debug */ = {
			isa = XCBuildConfiguration;
			buildSettings = {
				ASSETCATALOG_COMPILER_APPICON_NAME = AppIcon;
				CODE_SIGN_STYLE = Automatic;
				DEVELOPMENT_TEAM = BGGLL93M78;
				INFOPLIST_FILE = MiaWouf/SupportingFiles/Info.plist;
				LD_RUNPATH_SEARCH_PATHS = (
					"$(inherited)",
					"@executable_path/Frameworks",
				);
				PRODUCT_BUNDLE_IDENTIFIER = com.mji.MiaWouf;
				PRODUCT_NAME = "$(TARGET_NAME)";
				SWIFT_VERSION = 5.0;
				TARGETED_DEVICE_FAMILY = "1,2";
			};
			name = Debug;
		};
		72B9E64B2345DA3400D1B785 /* Release */ = {
			isa = XCBuildConfiguration;
			buildSettings = {
				ASSETCATALOG_COMPILER_APPICON_NAME = AppIcon;
				CODE_SIGN_STYLE = Automatic;
				DEVELOPMENT_TEAM = BGGLL93M78;
				INFOPLIST_FILE = MiaWouf/SupportingFiles/Info.plist;
				LD_RUNPATH_SEARCH_PATHS = (
					"$(inherited)",
					"@executable_path/Frameworks",
				);
				PRODUCT_BUNDLE_IDENTIFIER = com.mji.MiaWouf;
				PRODUCT_NAME = "$(TARGET_NAME)";
				SWIFT_VERSION = 5.0;
				TARGETED_DEVICE_FAMILY = "1,2";
			};
			name = Release;
		};
/* End XCBuildConfiguration section */

/* Begin XCConfigurationList section */
		72B9E6302345DA3300D1B785 /* Build configuration list for PBXProject "MiaWouf" */ = {
			isa = XCConfigurationList;
			buildConfigurations = (
				72B9E6472345DA3400D1B785 /* Debug */,
				72B9E6482345DA3400D1B785 /* Release */,
			);
			defaultConfigurationIsVisible = 0;
			defaultConfigurationName = Release;
		};
		72B9E6492345DA3400D1B785 /* Build configuration list for PBXNativeTarget "MiaWouf" */ = {
			isa = XCConfigurationList;
			buildConfigurations = (
				72B9E64A2345DA3400D1B785 /* Debug */,
				72B9E64B2345DA3400D1B785 /* Release */,
			);
			defaultConfigurationIsVisible = 0;
			defaultConfigurationName = Release;
		};
/* End XCConfigurationList section */
	};
	rootObject = 72B9E62D2345DA3300D1B785 /* Project object */;
}
